PODS:
  - boost (1.76.0)
  - BVLinearGradient (2.8.1):
    - React-Core
  - callstack-repack (3.4.0):
    - JWTDecode (~> 3.0.0)
    - React-Core
    - SwiftyRSA (~> 1.7)
  - CocoaAsyncSocket (7.6.5)
  - DoubleConversion (1.1.6)
  - FBLazyVector (0.71.4)
  - FBReactNativeSpec (0.71.4):
    - RCT-Folly (= 2021.07.22.00)
    - RCTRequired (= 0.71.4)
    - RCTTypeSafety (= 0.71.4)
    - React-Core (= 0.71.4)
    - React-jsi (= 0.71.4)
    - ReactCommon/turbomodule/core (= 0.71.4)
  - Flipper (0.189.0):
    - Flipper-Folly (~> 2.6)
  - Flipper-Boost-iOSX (1.76.0.1.11)
  - Flipper-DoubleConversion (3.2.0.1)
  - Flipper-Fmt (7.1.7)
  - Flipper-Folly (2.6.10):
    - Flipper-Boost-iOSX
    - Flipper-DoubleConversion
    - Flipper-Fmt (= 7.1.7)
    - Flipper-Glog
    - libevent (~> 2.1.12)
    - OpenSSL-Universal (= 1.1.1100)
  - Flipper-Glog (0.5.0.5)
  - Flipper-PeerTalk (0.0.4)
  - Flipper-RSocket (1.4.3):
    - Flipper-Folly (~> 2.6)
  - FlipperKit (0.189.0):
    - FlipperKit/Core (= 0.189.0)
  - FlipperKit/Core (0.189.0):
    - Flipper (~> 0.189.0)
    - FlipperKit/CppBridge
    - FlipperKit/FBCxxFollyDynamicConvert
    - FlipperKit/FBDefines
    - FlipperKit/FKPortForwarding
    - SocketRocket (~> 0.6.0)
  - FlipperKit/CppBridge (0.189.0):
    - Flipper (~> 0.189.0)
  - FlipperKit/FBCxxFollyDynamicConvert (0.189.0):
    - Flipper-Folly (~> 2.6)
  - FlipperKit/FBDefines (0.189.0)
  - FlipperKit/FKPortForwarding (0.189.0):
    - CocoaAsyncSocket (~> 7.6)
    - Flipper-PeerTalk (~> 0.0.4)
  - FlipperKit/FlipperKitHighlightOverlay (0.189.0)
  - FlipperKit/FlipperKitLayoutHelpers (0.189.0):
    - FlipperKit/Core
    - FlipperKit/FlipperKitHighlightOverlay
    - FlipperKit/FlipperKitLayoutTextSearchable
  - FlipperKit/FlipperKitLayoutIOSDescriptors (0.189.0):
    - FlipperKit/Core
    - FlipperKit/FlipperKitHighlightOverlay
    - FlipperKit/FlipperKitLayoutHelpers
    - YogaKit (~> 1.18)
  - FlipperKit/FlipperKitLayoutPlugin (0.189.0):
    - FlipperKit/Core
    - FlipperKit/FlipperKitHighlightOverlay
    - FlipperKit/FlipperKitLayoutHelpers
    - FlipperKit/FlipperKitLayoutIOSDescriptors
    - FlipperKit/FlipperKitLayoutTextSearchable
    - YogaKit (~> 1.18)
  - FlipperKit/FlipperKitLayoutTextSearchable (0.189.0)
  - FlipperKit/FlipperKitNetworkPlugin (0.189.0):
    - FlipperKit/Core
  - FlipperKit/FlipperKitReactPlugin (0.189.0):
    - FlipperKit/Core
  - FlipperKit/FlipperKitUserDefaultsPlugin (0.189.0):
    - FlipperKit/Core
  - FlipperKit/SKIOSNetworkPlugin (0.189.0):
    - FlipperKit/Core
    - FlipperKit/FlipperKitNetworkPlugin
  - fmt (6.2.1)
  - glog (0.3.5)
  - hermes-engine (0.71.4):
    - hermes-engine/Pre-built (= 0.71.4)
  - hermes-engine/Pre-built (0.71.4)
  - JWTDecode (3.0.1)
  - libevent (2.1.12)
  - libwebp (1.3.1):
    - libwebp/demux (= 1.3.1)
    - libwebp/mux (= 1.3.1)
    - libwebp/sharpyuv (= 1.3.1)
    - libwebp/webp (= 1.3.1)
  - libwebp/demux (1.3.1):
    - libwebp/webp
  - libwebp/mux (1.3.1):
    - libwebp/demux
  - libwebp/sharpyuv (1.3.1)
  - libwebp/webp (1.3.1):
    - libwebp/sharpyuv
  - OpenSSL-Universal (1.1.1100)
  - RCT-Folly (2021.07.22.00):
    - boost
    - DoubleConversion
    - fmt (~> 6.2.1)
    - glog
    - RCT-Folly/Default (= 2021.07.22.00)
  - RCT-Folly/Default (2021.07.22.00):
    - boost
    - DoubleConversion
    - fmt (~> 6.2.1)
    - glog
  - RCT-Folly/Futures (2021.07.22.00):
    - boost
    - DoubleConversion
    - fmt (~> 6.2.1)
    - glog
    - libevent
  - RCTRequired (0.71.4)
  - RCTTypeSafety (0.71.4):
    - FBLazyVector (= 0.71.4)
    - RCTRequired (= 0.71.4)
    - React-Core (= 0.71.4)
  - React (0.71.4):
    - React-Core (= 0.71.4)
    - React-Core/DevSupport (= 0.71.4)
    - React-Core/RCTWebSocket (= 0.71.4)
    - React-RCTActionSheet (= 0.71.4)
    - React-RCTAnimation (= 0.71.4)
    - React-RCTBlob (= 0.71.4)
    - React-RCTImage (= 0.71.4)
    - React-RCTLinking (= 0.71.4)
    - React-RCTNetwork (= 0.71.4)
    - React-RCTSettings (= 0.71.4)
    - React-RCTText (= 0.71.4)
    - React-RCTVibration (= 0.71.4)
  - React-callinvoker (0.71.4)
  - React-Codegen (0.71.4):
    - FBReactNativeSpec
    - hermes-engine
    - RCT-Folly
    - RCTRequired
    - RCTTypeSafety
    - React-Core
    - React-jsi
    - React-jsiexecutor
    - ReactCommon/turbomodule/bridging
    - ReactCommon/turbomodule/core
  - React-Core (0.71.4):
    - glog
    - hermes-engine
    - RCT-Folly (= 2021.07.22.00)
    - React-Core/Default (= 0.71.4)
    - React-cxxreact (= 0.71.4)
    - React-hermes
    - React-jsi (= 0.71.4)
    - React-jsiexecutor (= 0.71.4)
    - React-perflogger (= 0.71.4)
    - Yoga
  - React-Core/CoreModulesHeaders (0.71.4):
    - glog
    - hermes-engine
    - RCT-Folly (= 2021.07.22.00)
    - React-Core/Default
    - React-cxxreact (= 0.71.4)
    - React-hermes
    - React-jsi (= 0.71.4)
    - React-jsiexecutor (= 0.71.4)
    - React-perflogger (= 0.71.4)
    - Yoga
  - React-Core/Default (0.71.4):
    - glog
    - hermes-engine
    - RCT-Folly (= 2021.07.22.00)
    - React-cxxreact (= 0.71.4)
    - React-hermes
    - React-jsi (= 0.71.4)
    - React-jsiexecutor (= 0.71.4)
    - React-perflogger (= 0.71.4)
    - Yoga
  - React-Core/DevSupport (0.71.4):
    - glog
    - hermes-engine
    - RCT-Folly (= 2021.07.22.00)
    - React-Core/Default (= 0.71.4)
    - React-Core/RCTWebSocket (= 0.71.4)
    - React-cxxreact (= 0.71.4)
    - React-hermes
    - React-jsi (= 0.71.4)
    - React-jsiexecutor (= 0.71.4)
    - React-jsinspector (= 0.71.4)
    - React-perflogger (= 0.71.4)
    - Yoga
  - React-Core/RCTActionSheetHeaders (0.71.4):
    - glog
    - hermes-engine
    - RCT-Folly (= 2021.07.22.00)
    - React-Core/Default
    - React-cxxreact (= 0.71.4)
    - React-hermes
    - React-jsi (= 0.71.4)
    - React-jsiexecutor (= 0.71.4)
    - React-perflogger (= 0.71.4)
    - Yoga
  - React-Core/RCTAnimationHeaders (0.71.4):
    - glog
    - hermes-engine
    - RCT-Folly (= 2021.07.22.00)
    - React-Core/Default
    - React-cxxreact (= 0.71.4)
    - React-hermes
    - React-jsi (= 0.71.4)
    - React-jsiexecutor (= 0.71.4)
    - React-perflogger (= 0.71.4)
    - Yoga
  - React-Core/RCTBlobHeaders (0.71.4):
    - glog
    - hermes-engine
    - RCT-Folly (= 2021.07.22.00)
    - React-Core/Default
    - React-cxxreact (= 0.71.4)
    - React-hermes
    - React-jsi (= 0.71.4)
    - React-jsiexecutor (= 0.71.4)
    - React-perflogger (= 0.71.4)
    - Yoga
  - React-Core/RCTImageHeaders (0.71.4):
    - glog
    - hermes-engine
    - RCT-Folly (= 2021.07.22.00)
    - React-Core/Default
    - React-cxxreact (= 0.71.4)
    - React-hermes
    - React-jsi (= 0.71.4)
    - React-jsiexecutor (= 0.71.4)
    - React-perflogger (= 0.71.4)
    - Yoga
  - React-Core/RCTLinkingHeaders (0.71.4):
    - glog
    - hermes-engine
    - RCT-Folly (= 2021.07.22.00)
    - React-Core/Default
    - React-cxxreact (= 0.71.4)
    - React-hermes
    - React-jsi (= 0.71.4)
    - React-jsiexecutor (= 0.71.4)
    - React-perflogger (= 0.71.4)
    - Yoga
  - React-Core/RCTNetworkHeaders (0.71.4):
    - glog
    - hermes-engine
    - RCT-Folly (= 2021.07.22.00)
    - React-Core/Default
    - React-cxxreact (= 0.71.4)
    - React-hermes
    - React-jsi (= 0.71.4)
    - React-jsiexecutor (= 0.71.4)
    - React-perflogger (= 0.71.4)
    - Yoga
  - React-Core/RCTSettingsHeaders (0.71.4):
    - glog
    - hermes-engine
    - RCT-Folly (= 2021.07.22.00)
    - React-Core/Default
    - React-cxxreact (= 0.71.4)
    - React-hermes
    - React-jsi (= 0.71.4)
    - React-jsiexecutor (= 0.71.4)
    - React-perflogger (= 0.71.4)
    - Yoga
  - React-Core/RCTTextHeaders (0.71.4):
    - glog
    - hermes-engine
    - RCT-Folly (= 2021.07.22.00)
    - React-Core/Default
    - React-cxxreact (= 0.71.4)
    - React-hermes
    - React-jsi (= 0.71.4)
    - React-jsiexecutor (= 0.71.4)
    - React-perflogger (= 0.71.4)
    - Yoga
  - React-Core/RCTVibrationHeaders (0.71.4):
    - glog
    - hermes-engine
    - RCT-Folly (= 2021.07.22.00)
    - React-Core/Default
    - React-cxxreact (= 0.71.4)
    - React-hermes
    - React-jsi (= 0.71.4)
    - React-jsiexecutor (= 0.71.4)
    - React-perflogger (= 0.71.4)
    - Yoga
  - React-Core/RCTWebSocket (0.71.4):
    - glog
    - hermes-engine
    - RCT-Folly (= 2021.07.22.00)
    - React-Core/Default (= 0.71.4)
    - React-cxxreact (= 0.71.4)
    - React-hermes
    - React-jsi (= 0.71.4)
    - React-jsiexecutor (= 0.71.4)
    - React-perflogger (= 0.71.4)
    - Yoga
  - React-CoreModules (0.71.4):
    - RCT-Folly (= 2021.07.22.00)
    - RCTTypeSafety (= 0.71.4)
    - React-Codegen (= 0.71.4)
    - React-Core/CoreModulesHeaders (= 0.71.4)
    - React-jsi (= 0.71.4)
    - React-RCTBlob
    - React-RCTImage (= 0.71.4)
    - ReactCommon/turbomodule/core (= 0.71.4)
  - React-cxxreact (0.71.4):
    - boost (= 1.76.0)
    - DoubleConversion
    - glog
    - hermes-engine
    - RCT-Folly (= 2021.07.22.00)
    - React-callinvoker (= 0.71.4)
    - React-jsi (= 0.71.4)
    - React-jsinspector (= 0.71.4)
    - React-logger (= 0.71.4)
    - React-perflogger (= 0.71.4)
    - React-runtimeexecutor (= 0.71.4)
  - React-hermes (0.71.4):
    - DoubleConversion
    - glog
    - hermes-engine
    - RCT-Folly (= 2021.07.22.00)
    - RCT-Folly/Futures (= 2021.07.22.00)
    - React-cxxreact (= 0.71.4)
    - React-jsi
    - React-jsiexecutor (= 0.71.4)
    - React-jsinspector (= 0.71.4)
    - React-perflogger (= 0.71.4)
  - React-jsi (0.71.4):
    - boost (= 1.76.0)
    - DoubleConversion
    - glog
    - hermes-engine
    - RCT-Folly (= 2021.07.22.00)
  - React-jsiexecutor (0.71.4):
    - DoubleConversion
    - glog
    - hermes-engine
    - RCT-Folly (= 2021.07.22.00)
    - React-cxxreact (= 0.71.4)
    - React-jsi (= 0.71.4)
    - React-perflogger (= 0.71.4)
  - React-jsinspector (0.71.4)
  - React-logger (0.71.4):
    - glog
  - react-native-flipper (0.209.0):
    - React-Core
  - react-native-netinfo (9.4.1):
    - React-Core
  - react-native-restart (0.0.27):
    - React-Core
  - react-native-safe-area-context (4.7.1):
    - React-Core
  - react-native-webview (13.3.1):
    - React-Core
  - React-perflogger (0.71.4)
  - React-RCTActionSheet (0.71.4):
    - React-Core/RCTActionSheetHeaders (= 0.71.4)
  - React-RCTAnimation (0.71.4):
    - RCT-Folly (= 2021.07.22.00)
    - RCTTypeSafety (= 0.71.4)
    - React-Codegen (= 0.71.4)
    - React-Core/RCTAnimationHeaders (= 0.71.4)
    - React-jsi (= 0.71.4)
    - ReactCommon/turbomodule/core (= 0.71.4)
  - React-RCTAppDelegate (0.71.4):
    - RCT-Folly
    - RCTRequired
    - RCTTypeSafety
    - React-Core
    - ReactCommon/turbomodule/core
  - React-RCTBlob (0.71.4):
    - hermes-engine
    - RCT-Folly (= 2021.07.22.00)
    - React-Codegen (= 0.71.4)
    - React-Core/RCTBlobHeaders (= 0.71.4)
    - React-Core/RCTWebSocket (= 0.71.4)
    - React-jsi (= 0.71.4)
    - React-RCTNetwork (= 0.71.4)
    - ReactCommon/turbomodule/core (= 0.71.4)
  - React-RCTImage (0.71.4):
    - RCT-Folly (= 2021.07.22.00)
    - RCTTypeSafety (= 0.71.4)
    - React-Codegen (= 0.71.4)
    - React-Core/RCTImageHeaders (= 0.71.4)
    - React-jsi (= 0.71.4)
    - React-RCTNetwork (= 0.71.4)
    - ReactCommon/turbomodule/core (= 0.71.4)
  - React-RCTLinking (0.71.4):
    - React-Codegen (= 0.71.4)
    - React-Core/RCTLinkingHeaders (= 0.71.4)
    - React-jsi (= 0.71.4)
    - ReactCommon/turbomodule/core (= 0.71.4)
  - React-RCTNetwork (0.71.4):
    - RCT-Folly (= 2021.07.22.00)
    - RCTTypeSafety (= 0.71.4)
    - React-Codegen (= 0.71.4)
    - React-Core/RCTNetworkHeaders (= 0.71.4)
    - React-jsi (= 0.71.4)
    - ReactCommon/turbomodule/core (= 0.71.4)
  - React-RCTSettings (0.71.4):
    - RCT-Folly (= 2021.07.22.00)
    - RCTTypeSafety (= 0.71.4)
    - React-Codegen (= 0.71.4)
    - React-Core/RCTSettingsHeaders (= 0.71.4)
    - React-jsi (= 0.71.4)
    - ReactCommon/turbomodule/core (= 0.71.4)
  - React-RCTText (0.71.4):
    - React-Core/RCTTextHeaders (= 0.71.4)
  - React-RCTVibration (0.71.4):
    - RCT-Folly (= 2021.07.22.00)
    - React-Codegen (= 0.71.4)
    - React-Core/RCTVibrationHeaders (= 0.71.4)
    - React-jsi (= 0.71.4)
    - ReactCommon/turbomodule/core (= 0.71.4)
  - React-runtimeexecutor (0.71.4):
    - React-jsi (= 0.71.4)
  - ReactCommon/turbomodule/bridging (0.71.4):
    - DoubleConversion
    - glog
    - hermes-engine
    - RCT-Folly (= 2021.07.22.00)
    - React-callinvoker (= 0.71.4)
    - React-Core (= 0.71.4)
    - React-cxxreact (= 0.71.4)
    - React-jsi (= 0.71.4)
    - React-logger (= 0.71.4)
    - React-perflogger (= 0.71.4)
  - ReactCommon/turbomodule/core (0.71.4):
    - DoubleConversion
    - glog
    - hermes-engine
    - RCT-Folly (= 2021.07.22.00)
    - React-callinvoker (= 0.71.4)
    - React-Core (= 0.71.4)
    - React-cxxreact (= 0.71.4)
    - React-jsi (= 0.71.4)
    - React-logger (= 0.71.4)
    - React-perflogger (= 0.71.4)
  - RealmJS (11.10.1):
    - React
  - RNBootSplash (4.7.5):
    - React-Core
  - RNCAsyncStorage (1.19.1):
    - React-Core
  - RNCMaskedView (0.2.9):
    - React-Core
  - RNFastImage (8.6.3):
    - React-Core
    - SDWebImage (~> 5.11.1)
    - SDWebImageWebPCoder (~> 0.8.4)
  - RNFlashList (1.5.0):
    - React-Core
  - RNGestureHandler (2.12.1):
    - React-Core
  - RNLocalize (3.0.2):
    - React-Core
  - RNNotifee (7.8.0):
    - React-Core
    - RNNotifee/NotifeeCore (= 7.8.0)
  - RNNotifee/NotifeeCore (7.8.0):
    - React-Core
  - RNPermissions (3.8.4):
    - React-Core
  - RNReactNativeHapticFeedback (2.0.3):
    - React-Core
  - RNReanimated (2.14.4):
    - DoubleConversion
    - FBLazyVector
    - FBReactNativeSpec
    - glog
    - RCT-Folly
    - RCTRequired
    - RCTTypeSafety
    - React-callinvoker
    - React-Core
    - React-Core/DevSupport
    - React-Core/RCTWebSocket
    - React-CoreModules
    - React-cxxreact
    - React-jsi
    - React-jsiexecutor
    - React-jsinspector
    - React-RCTActionSheet
    - React-RCTAnimation
    - React-RCTBlob
    - React-RCTImage
    - React-RCTLinking
    - React-RCTNetwork
    - React-RCTSettings
    - React-RCTText
    - ReactCommon/turbomodule/core
    - Yoga
  - RNScreens (3.24.0):
    - React-Core
    - React-RCTImage
  - RNSVG (13.10.0):
    - React-Core
  - SDWebImage (5.11.1):
    - SDWebImage/Core (= 5.11.1)
  - SDWebImage/Core (5.11.1)
  - SDWebImageWebPCoder (0.8.5):
    - libwebp (~> 1.0)
    - SDWebImage/Core (~> 5.10)
  - SocketRocket (0.6.1)
  - SwiftyRSA (1.7.0):
    - SwiftyRSA/ObjC (= 1.7.0)
  - SwiftyRSA/ObjC (1.7.0)
  - Yoga (1.14.0)
  - YogaKit (1.18.1):
    - Yoga (~> 1.14)

DEPENDENCIES:
  - boost (from `../node_modules/react-native/third-party-podspecs/boost.podspec`)
  - BVLinearGradient (from `../node_modules/react-native-linear-gradient`)
  - "callstack-repack (from `../node_modules/@callstack/repack`)"
  - DoubleConversion (from `../node_modules/react-native/third-party-podspecs/DoubleConversion.podspec`)
  - FBLazyVector (from `../node_modules/react-native/Libraries/FBLazyVector`)
  - FBReactNativeSpec (from `../node_modules/react-native/React/FBReactNativeSpec`)
  - Flipper (= 0.189.0)
  - Flipper-Boost-iOSX (= 1.76.0.1.11)
  - Flipper-DoubleConversion (= 3.2.0.1)
  - Flipper-Fmt (= 7.1.7)
  - Flipper-Folly (= 2.6.10)
  - Flipper-Glog (= 0.5.0.5)
  - Flipper-PeerTalk (= 0.0.4)
  - Flipper-RSocket (= 1.4.3)
  - FlipperKit (= 0.189.0)
  - FlipperKit/Core (= 0.189.0)
  - FlipperKit/CppBridge (= 0.189.0)
  - FlipperKit/FBCxxFollyDynamicConvert (= 0.189.0)
  - FlipperKit/FBDefines (= 0.189.0)
  - FlipperKit/FKPortForwarding (= 0.189.0)
  - FlipperKit/FlipperKitHighlightOverlay (= 0.189.0)
  - FlipperKit/FlipperKitLayoutPlugin (= 0.189.0)
  - FlipperKit/FlipperKitLayoutTextSearchable (= 0.189.0)
  - FlipperKit/FlipperKitNetworkPlugin (= 0.189.0)
  - FlipperKit/FlipperKitReactPlugin (= 0.189.0)
  - FlipperKit/FlipperKitUserDefaultsPlugin (= 0.189.0)
  - FlipperKit/SKIOSNetworkPlugin (= 0.189.0)
  - glog (from `../node_modules/react-native/third-party-podspecs/glog.podspec`)
  - hermes-engine (from `../node_modules/react-native/sdks/hermes-engine/hermes-engine.podspec`)
  - libevent (~> 2.1.12)
  - OpenSSL-Universal (= 1.1.1100)
  - RCT-Folly (from `../node_modules/react-native/third-party-podspecs/RCT-Folly.podspec`)
  - RCTRequired (from `../node_modules/react-native/Libraries/RCTRequired`)
  - RCTTypeSafety (from `../node_modules/react-native/Libraries/TypeSafety`)
  - React (from `../node_modules/react-native/`)
  - React-callinvoker (from `../node_modules/react-native/ReactCommon/callinvoker`)
  - React-Codegen (from `build/generated/ios`)
  - React-Core (from `../node_modules/react-native/`)
  - React-Core/DevSupport (from `../node_modules/react-native/`)
  - React-Core/RCTWebSocket (from `../node_modules/react-native/`)
  - React-CoreModules (from `../node_modules/react-native/React/CoreModules`)
  - React-cxxreact (from `../node_modules/react-native/ReactCommon/cxxreact`)
  - React-hermes (from `../node_modules/react-native/ReactCommon/hermes`)
  - React-jsi (from `../node_modules/react-native/ReactCommon/jsi`)
  - React-jsiexecutor (from `../node_modules/react-native/ReactCommon/jsiexecutor`)
  - React-jsinspector (from `../node_modules/react-native/ReactCommon/jsinspector`)
  - React-logger (from `../node_modules/react-native/ReactCommon/logger`)
  - react-native-flipper (from `../node_modules/react-native-flipper`)
  - "react-native-netinfo (from `../node_modules/@react-native-community/netinfo`)"
  - react-native-restart (from `../node_modules/react-native-restart`)
  - react-native-safe-area-context (from `../node_modules/react-native-safe-area-context`)
  - react-native-webview (from `../node_modules/react-native-webview`)
  - React-perflogger (from `../node_modules/react-native/ReactCommon/reactperflogger`)
  - React-RCTActionSheet (from `../node_modules/react-native/Libraries/ActionSheetIOS`)
  - React-RCTAnimation (from `../node_modules/react-native/Libraries/NativeAnimation`)
  - React-RCTAppDelegate (from `../node_modules/react-native/Libraries/AppDelegate`)
  - React-RCTBlob (from `../node_modules/react-native/Libraries/Blob`)
  - React-RCTImage (from `../node_modules/react-native/Libraries/Image`)
  - React-RCTLinking (from `../node_modules/react-native/Libraries/LinkingIOS`)
  - React-RCTNetwork (from `../node_modules/react-native/Libraries/Network`)
  - React-RCTSettings (from `../node_modules/react-native/Libraries/Settings`)
  - React-RCTText (from `../node_modules/react-native/Libraries/Text`)
  - React-RCTVibration (from `../node_modules/react-native/Libraries/Vibration`)
  - React-runtimeexecutor (from `../node_modules/react-native/ReactCommon/runtimeexecutor`)
  - ReactCommon/turbomodule/core (from `../node_modules/react-native/ReactCommon`)
  - RealmJS (from `../node_modules/realm`)
  - RNBootSplash (from `../node_modules/react-native-bootsplash`)
  - "RNCAsyncStorage (from `../node_modules/@react-native-async-storage/async-storage`)"
  - "RNCMaskedView (from `../node_modules/@react-native-masked-view/masked-view`)"
  - RNFastImage (from `../node_modules/react-native-fast-image`)
  - "RNFlashList (from `../node_modules/@shopify/flash-list`)"
  - RNGestureHandler (from `../node_modules/react-native-gesture-handler`)
  - RNLocalize (from `../node_modules/react-native-localize`)
  - "RNNotifee (from `../node_modules/@notifee/react-native`)"
  - RNPermissions (from `../node_modules/react-native-permissions`)
  - RNReactNativeHapticFeedback (from `../node_modules/react-native-haptic-feedback`)
  - RNReanimated (from `../node_modules/react-native-reanimated`)
  - RNScreens (from `../node_modules/react-native-screens`)
  - RNSVG (from `../node_modules/react-native-svg`)
  - Yoga (from `../node_modules/react-native/ReactCommon/yoga`)

SPEC REPOS:
  trunk:
    - CocoaAsyncSocket
    - Flipper
    - Flipper-Boost-iOSX
    - Flipper-DoubleConversion
    - Flipper-Fmt
    - Flipper-Folly
    - Flipper-Glog
    - Flipper-PeerTalk
    - Flipper-RSocket
    - FlipperKit
    - fmt
    - JWTDecode
    - libevent
    - libwebp
    - OpenSSL-Universal
    - SDWebImage
    - SDWebImageWebPCoder
    - SocketRocket
    - SwiftyRSA
    - YogaKit

EXTERNAL SOURCES:
  boost:
    :podspec: "../node_modules/react-native/third-party-podspecs/boost.podspec"
  BVLinearGradient:
    :path: "../node_modules/react-native-linear-gradient"
  callstack-repack:
    :path: "../node_modules/@callstack/repack"
  DoubleConversion:
    :podspec: "../node_modules/react-native/third-party-podspecs/DoubleConversion.podspec"
  FBLazyVector:
    :path: "../node_modules/react-native/Libraries/FBLazyVector"
  FBReactNativeSpec:
    :path: "../node_modules/react-native/React/FBReactNativeSpec"
  glog:
    :podspec: "../node_modules/react-native/third-party-podspecs/glog.podspec"
  hermes-engine:
    :podspec: "../node_modules/react-native/sdks/hermes-engine/hermes-engine.podspec"
  RCT-Folly:
    :podspec: "../node_modules/react-native/third-party-podspecs/RCT-Folly.podspec"
  RCTRequired:
    :path: "../node_modules/react-native/Libraries/RCTRequired"
  RCTTypeSafety:
    :path: "../node_modules/react-native/Libraries/TypeSafety"
  React:
    :path: "../node_modules/react-native/"
  React-callinvoker:
    :path: "../node_modules/react-native/ReactCommon/callinvoker"
  React-Codegen:
    :path: build/generated/ios
  React-Core:
    :path: "../node_modules/react-native/"
  React-CoreModules:
    :path: "../node_modules/react-native/React/CoreModules"
  React-cxxreact:
    :path: "../node_modules/react-native/ReactCommon/cxxreact"
  React-hermes:
    :path: "../node_modules/react-native/ReactCommon/hermes"
  React-jsi:
    :path: "../node_modules/react-native/ReactCommon/jsi"
  React-jsiexecutor:
    :path: "../node_modules/react-native/ReactCommon/jsiexecutor"
  React-jsinspector:
    :path: "../node_modules/react-native/ReactCommon/jsinspector"
  React-logger:
    :path: "../node_modules/react-native/ReactCommon/logger"
  react-native-flipper:
    :path: "../node_modules/react-native-flipper"
  react-native-netinfo:
    :path: "../node_modules/@react-native-community/netinfo"
  react-native-restart:
    :path: "../node_modules/react-native-restart"
  react-native-safe-area-context:
    :path: "../node_modules/react-native-safe-area-context"
  react-native-webview:
    :path: "../node_modules/react-native-webview"
  React-perflogger:
    :path: "../node_modules/react-native/ReactCommon/reactperflogger"
  React-RCTActionSheet:
    :path: "../node_modules/react-native/Libraries/ActionSheetIOS"
  React-RCTAnimation:
    :path: "../node_modules/react-native/Libraries/NativeAnimation"
  React-RCTAppDelegate:
    :path: "../node_modules/react-native/Libraries/AppDelegate"
  React-RCTBlob:
    :path: "../node_modules/react-native/Libraries/Blob"
  React-RCTImage:
    :path: "../node_modules/react-native/Libraries/Image"
  React-RCTLinking:
    :path: "../node_modules/react-native/Libraries/LinkingIOS"
  React-RCTNetwork:
    :path: "../node_modules/react-native/Libraries/Network"
  React-RCTSettings:
    :path: "../node_modules/react-native/Libraries/Settings"
  React-RCTText:
    :path: "../node_modules/react-native/Libraries/Text"
  React-RCTVibration:
    :path: "../node_modules/react-native/Libraries/Vibration"
  React-runtimeexecutor:
    :path: "../node_modules/react-native/ReactCommon/runtimeexecutor"
  ReactCommon:
    :path: "../node_modules/react-native/ReactCommon"
  RealmJS:
    :path: "../node_modules/realm"
  RNBootSplash:
    :path: "../node_modules/react-native-bootsplash"
  RNCAsyncStorage:
    :path: "../node_modules/@react-native-async-storage/async-storage"
  RNCMaskedView:
    :path: "../node_modules/@react-native-masked-view/masked-view"
  RNFastImage:
    :path: "../node_modules/react-native-fast-image"
  RNFlashList:
    :path: "../node_modules/@shopify/flash-list"
  RNGestureHandler:
    :path: "../node_modules/react-native-gesture-handler"
  RNLocalize:
    :path: "../node_modules/react-native-localize"
  RNNotifee:
    :path: "../node_modules/@notifee/react-native"
  RNPermissions:
    :path: "../node_modules/react-native-permissions"
  RNReactNativeHapticFeedback:
    :path: "../node_modules/react-native-haptic-feedback"
  RNReanimated:
    :path: "../node_modules/react-native-reanimated"
  RNScreens:
    :path: "../node_modules/react-native-screens"
  RNSVG:
    :path: "../node_modules/react-native-svg"
  Yoga:
    :path: "../node_modules/react-native/ReactCommon/yoga"

SPEC CHECKSUMS:
  boost: 57d2868c099736d80fcd648bf211b4431e51a558
  BVLinearGradient: 421743791a59d259aec53f4c58793aad031da2ca
  callstack-repack: 7ebeb152e5a2388d8c840e35e0058d933a73e1b4
  CocoaAsyncSocket: 065fd1e645c7abab64f7a6a2007a48038fdc6a99
  DoubleConversion: 5189b271737e1565bdce30deb4a08d647e3f5f54
  FBLazyVector: 446e84642979fff0ba57f3c804c2228a473aeac2
  FBReactNativeSpec: 241709e132e3bf1526c1c4f00bc5384dd39dfba9
  Flipper: 30242e530a7b06d461391dd415380ad4370d4a48
  Flipper-Boost-iOSX: fd1e2b8cbef7e662a122412d7ac5f5bea715403c
  Flipper-DoubleConversion: 2dc99b02f658daf147069aad9dbd29d8feb06d30
  Flipper-Fmt: 60cbdd92fc254826e61d669a5d87ef7015396a9b
  Flipper-Folly: 584845625005ff068a6ebf41f857f468decd26b3
  Flipper-Glog: 70c50ce58ddaf67dc35180db05f191692570f446
  Flipper-PeerTalk: 116d8f857dc6ef55c7a5a75ea3ceaafe878aadc9
  Flipper-RSocket: d9d9ade67cbecf6ac10730304bf5607266dd2541
  FlipperKit: 68ebe97318a2eddde21182533ef84f879a22869d
  fmt: ff9d55029c625d3757ed641535fd4a75fedc7ce9
  glog: 04b94705f318337d7ead9e6d17c019bd9b1f6b1b
  hermes-engine: a1f157c49ea579c28b0296bda8530e980c45bdb3
  JWTDecode: 2eed97c2fa46ccaf3049a787004eedf0be474a87
  libevent: 4049cae6c81cdb3654a443be001fb9bdceff7913
  libwebp: 33dc822fbbf4503668d09f7885bbfedc76c45e96
  OpenSSL-Universal: ebc357f1e6bc71fa463ccb2fe676756aff50e88c
  RCT-Folly: 424b8c9a7a0b9ab2886ffe9c3b041ef628fd4fb1
  RCTRequired: 5a024fdf458fa8c0d82fc262e76f982d4dcdecdd
  RCTTypeSafety: b6c253064466411c6810b45f66bc1e43ce0c54ba
  React: 715292db5bd46989419445a5547954b25d2090f0
  React-callinvoker: 105392d1179058585b564d35b4592fe1c46d6fba
  React-Codegen: b75333b93d835afce84b73472927cccaef2c9f8c
  React-Core: 88838ed1724c64905fc6c0811d752828a92e395b
  React-CoreModules: cd238b4bb8dc8529ccc8b34ceae7267b04ce1882
  React-cxxreact: 291bfab79d8098dc5ebab98f62e6bdfe81b3955a
  React-hermes: b1e67e9a81c71745704950516f40ee804349641c
  React-jsi: c9d5b563a6af6bb57034a82c2b0d39d0a7483bdc
  React-jsiexecutor: d6b7fa9260aa3cb40afee0507e3bc1d17ecaa6f2
  React-jsinspector: 1f51e775819199d3fe9410e69ee8d4c4161c7b06
  React-logger: 0d58569ec51d30d1792c5e86a8e3b78d24b582c6
  react-native-flipper: b8d360c0943151d85150cb6da83572f03c6faa9f
  react-native-netinfo: fefd4e98d75cbdd6e85fc530f7111a8afdf2b0c5
  react-native-restart: 7595693413fe3ca15893702f2c8306c62a708162
  react-native-safe-area-context: 9697629f7b2cda43cf52169bb7e0767d330648c2
  react-native-webview: c2b70afb1d910cdd8810375aecc6c2894e2ba061
  React-perflogger: 0bb0522a12e058f6eb69d888bc16f40c16c4b907
  React-RCTActionSheet: bfd675a10f06a18728ea15d82082d48f228a213a
  React-RCTAnimation: 2fa220b2052ec75b733112aca39143d34546a941
  React-RCTAppDelegate: 8564f93c1d9274e95e3b0c746d08a87ff5a621b2
  React-RCTBlob: d0336111f46301ae8aba2e161817e451aad72dd6
  React-RCTImage: fec592c46edb7c12a9cde08780bdb4a688416c62
  React-RCTLinking: 14eccac5d2a3b34b89dbfa29e8ef6219a153fe2d
  React-RCTNetwork: 1fbce92e772e39ca3687a2ebb854501ff6226dd7
  React-RCTSettings: 1abea36c9bb16d9979df6c4b42e2ea281b4bbcc5
  React-RCTText: 15355c41561a9f43dfd23616d0a0dd40ba05ed61
  React-RCTVibration: ad17efcfb2fa8f6bfd8ac0cf48d96668b8b28e0b
  React-runtimeexecutor: 8fa50b38df6b992c76537993a2b0553d3b088004
  ReactCommon: b49a4b00ca6d181ff74b17c12b2d59ac4add0bde
  RealmJS: 8deebf00c84f499c654bc585583c54f55b586751
  RNBootSplash: 85f6b879c080e958afdb4c62ee04497b05fd7552
  RNCAsyncStorage: f47fe18526970a69c34b548883e1aeceb115e3e1
  RNCMaskedView: 949696f25ec596bfc697fc88e6f95cf0c79669b6
  RNFastImage: 5c9c9fed9c076e521b3f509fe79e790418a544e8
  RNFlashList: 25b0e092b4470c84db0386d4f5316dc34123bb6d
  RNGestureHandler: c0d04458598fcb26052494ae23dda8f8f5162b13
  RNLocalize: dbea38dcb344bf80ff18a1757b1becf11f70cae4
  RNNotifee: f3c01b391dd8e98e67f539f9a35a9cbcd3bae744
  RNPermissions: 3d99892b28041816e5a698b334cdab8dac0ab12a
  RNReactNativeHapticFeedback: afa5bf2794aecbb2dba2525329253da0d66656df
  RNReanimated: cc5e3aa479cb9170bcccf8204291a6950a3be128
  RNScreens: b21dc57dfa2b710c30ec600786a3fc223b1b92e7
  RNSVG: 80584470ff1ffc7994923ea135a3e5ad825546b9
  SDWebImage: a7f831e1a65eb5e285e3fb046a23fcfbf08e696d
  SDWebImageWebPCoder: 908b83b6adda48effe7667cd2b7f78c897e5111d
  SocketRocket: f32cd54efbe0f095c4d7594881e52619cfe80b17
  SwiftyRSA: 8c6dd1ea7db1b8dc4fb517a202f88bb1354bc2c6
  Yoga: 79dd7410de6f8ad73a77c868d3d368843f0c93e0
  YogaKit: f782866e155069a2cca2517aafea43200b01fd5a

PODFILE CHECKSUM: 2425fca5b245759fb459ef7715af125d345ac05e

COCOAPODS: 1.11.3
